
Microsoft Visual Studio Solution File, Format Version 12.00
# Visual Studio Version 17
VisualStudioVersion = 17.0.32126.317
MinimumVisualStudioVersion = 10.0.40219.1
Project("{FAE04EC0-301F-11D3-BF4B-00C04F79EFBC}") = "DemoMVCApplication", "DemoMVCApplication\DemoMVCApplication.csproj", "{3129A710-B0B1-46F0-97F7-D6877FBC1DAA}"
EndProject
Global
	GlobalSection(SolutionConfigurationPlatforms) = preSolution
		Debug|Any CPU = Debug|Any CPU
		Release|Any CPU = Release|Any CPU
	EndGlobalSection
	GlobalSection(ProjectConfigurationPlatforms) = postSolution
		{3129A710-B0B1-46F0-97F7-D6877FBC1DAA}.Debug|Any CPU.ActiveCfg = Debug|Any CPU
		{3129A710-B0B1-46F0-97F7-D6877FBC1DAA}.Debug|Any CPU.Build.0 = Debug|Any CPU
		{3129A710-B0B1-46F0-97F7-D6877FBC1DAA}.Release|Any CPU.ActiveCfg = Release|Any CPU
		{3129A710-B0B1-46F0-97F7-D6877FBC1DAA}.Release|Any CPU.Build.0 = Release|Any CPU
	EndGlobalSection
	GlobalSection(SolutionProperties) = preSolution
		HideSolutionNode = FALSE
	EndGlobalSection
	GlobalSection(ExtensibilityGlobals) = postSolution
		SolutionGuid = {FC8529BE-9A0E-4D2E-8911-B542218F9E02}
	EndGlobalSection
EndGlobal
